// !$*UTF8*$!
{
	archiveVersion = 1;
	classes = {
	};
	objectVersion = 48;
	objects = {

/* Begin PBXBuildFile section */
		121235B51FF4CC3100B9C853 /* HKNetwork.swift in Sources */ = {isa = PBXBuildFile; fileRef = 121235B41FF4CC3100B9C853 /* HKNetwork.swift */; };
		1230695C1FF61F2400E83DFA /* HKWeiBoNode.swift in Sources */ = {isa = PBXBuildFile; fileRef = 1230695B1FF61F2400E83DFA /* HKWeiBoNode.swift */; };
		125ED8BD1FF32F4F0019043E /* AppDelegate.swift in Sources */ = {isa = PBXBuildFile; fileRef = 125ED8BC1FF32F4F0019043E /* AppDelegate.swift */; };
		125ED8BF1FF32F4F0019043E /* art.scnassets in Resources */ = {isa = PBXBuildFile; fileRef = 125ED8BE1FF32F4F0019043E /* art.scnassets */; };
		125ED8C11FF32F4F0019043E /* ViewController.swift in Sources */ = {isa = PBXBuildFile; fileRef = 125ED8C01FF32F4F0019043E /* ViewController.swift */; };
		125ED8C41FF32F4F0019043E /* Main.storyboard in Resources */ = {isa = PBXBuildFile; fileRef = 125ED8C21FF32F4F0019043E /* Main.storyboard */; };
		125ED8C61FF32F4F0019043E /* Assets.xcassets in Resources */ = {isa = PBXBuildFile; fileRef = 125ED8C51FF32F4F0019043E /* Assets.xcassets */; };
		125ED8C91FF32F4F0019043E /* LaunchScreen.storyboard in Resources */ = {isa = PBXBuildFile; fileRef = 125ED8C71FF32F4F0019043E /* LaunchScreen.storyboard */; };
		128ADD841FF38EE50093F5C9 /* ImageIO.framework in Frameworks */ = {isa = PBXBuildFile; fileRef = 128ADD831FF38EDE0093F5C9 /* ImageIO.framework */; };
		128ADD871FF38EFE0093F5C9 /* SystemConfiguration.framework in Frameworks */ = {isa = PBXBuildFile; fileRef = 128ADD851FF38EEC0093F5C9 /* SystemConfiguration.framework */; };
		128ADD881FF38F060093F5C9 /* Security.framework in Frameworks */ = {isa = PBXBuildFile; fileRef = 128ADD861FF38EF20093F5C9 /* Security.framework */; };
		128ADD8A1FF38F130093F5C9 /* CoreTelephony.framework in Frameworks */ = {isa = PBXBuildFile; fileRef = 128ADD891FF38F0E0093F5C9 /* CoreTelephony.framework */; };
		128ADD8C1FF38F260093F5C9 /* CoreText.framework in Frameworks */ = {isa = PBXBuildFile; fileRef = 128ADD8B1FF38F1C0093F5C9 /* CoreText.framework */; };
		128ADD8E1FF38F340093F5C9 /* UIKit.framework in Frameworks */ = {isa = PBXBuildFile; fileRef = 128ADD8D1FF38F2F0093F5C9 /* UIKit.framework */; };
		128ADD911FF38F4C0093F5C9 /* Foundation.framework in Frameworks */ = {isa = PBXBuildFile; fileRef = 128ADD901FF38F460093F5C9 /* Foundation.framework */; };
		128ADD931FF38F5A0093F5C9 /* CoreGraphics.framework in Frameworks */ = {isa = PBXBuildFile; fileRef = 128ADD921FF38F540093F5C9 /* CoreGraphics.framework */; };
		128ADD951FF38F680093F5C9 /* libz.tbd in Frameworks */ = {isa = PBXBuildFile; fileRef = 128ADD941FF38F680093F5C9 /* libz.tbd */; };
		128ADD971FF38F750093F5C9 /* libsqlite3.tbd in Frameworks */ = {isa = PBXBuildFile; fileRef = 128ADD961FF38F750093F5C9 /* libsqlite3.tbd */; };
		128ADDA61FF395F60093F5C9 /* Photos.framework in Frameworks */ = {isa = PBXBuildFile; fileRef = 128ADDA51FF395E40093F5C9 /* Photos.framework */; };
		128ADDA81FF396360093F5C9 /* QuartzCore.framework in Frameworks */ = {isa = PBXBuildFile; fileRef = 128ADDA71FF3962E0093F5C9 /* QuartzCore.framework */; };
		128ADDAD1FF397630093F5C9 /* libWeiboSDK.a in Frameworks */ = {isa = PBXBuildFile; fileRef = 128ADDAA1FF397630093F5C9 /* libWeiboSDK.a */; };
		128ADDAE1FF397630093F5C9 /* WeiboSDK.bundle in Resources */ = {isa = PBXBuildFile; fileRef = 128ADDAB1FF397630093F5C9 /* WeiboSDK.bundle */; };
		12FEE7AC1FF4DCDD0005D58B /* HKWeiBoModel.swift in Sources */ = {isa = PBXBuildFile; fileRef = 12FEE7AB1FF4DCDD0005D58B /* HKWeiBoModel.swift */; };
		12FF35D71FFB342000CAB502 /* HKMacro.swift in Sources */ = {isa = PBXBuildFile; fileRef = 12FF35D61FFB342000CAB502 /* HKMacro.swift */; };
		12FF35DD1FFB739B00CAB502 /* HKPainter.swift in Sources */ = {isa = PBXBuildFile; fileRef = 12FF35DC1FFB739B00CAB502 /* HKPainter.swift */; };
		B112E040C29506445B461FDB /* Pods_AirLook.framework in Frameworks */ = {isa = PBXBuildFile; fileRef = 8A184FAC753FA596D7D119B0 /* Pods_AirLook.framework */; };
/* End PBXBuildFile section */

/* Begin PBXFileReference section */
		121235B41FF4CC3100B9C853 /* HKNetwork.swift */ = {isa = PBXFileReference; lastKnownFileType = sourcecode.swift; path = HKNetwork.swift; sourceTree = "<group>"; };
		1230695B1FF61F2400E83DFA /* HKWeiBoNode.swift */ = {isa = PBXFileReference; lastKnownFileType = sourcecode.swift; path = HKWeiBoNode.swift; sourceTree = "<group>"; };
		125ED8B91FF32F4F0019043E /* AirLook.app */ = {isa = PBXFileReference; explicitFileType = wrapper.application; includeInIndex = 0; path = AirLook.app; sourceTree = BUILT_PRODUCTS_DIR; };
		125ED8BC1FF32F4F0019043E /* AppDelegate.swift */ = {isa = PBXFileReference; lastKnownFileType = sourcecode.swift; path = AppDelegate.swift; sourceTree = "<group>"; };
		125ED8BE1FF32F4F0019043E /* art.scnassets */ = {isa = PBXFileReference; lastKnownFileType = wrapper.scnassets; path = art.scnassets; sourceTree = "<group>"; };
		125ED8C01FF32F4F0019043E /* ViewController.swift */ = {isa = PBXFileReference; lastKnownFileType = sourcecode.swift; path = ViewController.swift; sourceTree = "<group>"; };
		125ED8C31FF32F4F0019043E /* Base */ = {isa = PBXFileReference; lastKnownFileType = file.storyboard; name = Base; path = Base.lproj/Main.storyboard; sourceTree = "<group>"; };
		125ED8C51FF32F4F0019043E /* Assets.xcassets */ = {isa = PBXFileReference; lastKnownFileType = folder.assetcatalog; path = Assets.xcassets; sourceTree = "<group>"; };
		125ED8C81FF32F4F0019043E /* Base */ = {isa = PBXFileReference; lastKnownFileType = file.storyboard; name = Base; path = Base.lproj/LaunchScreen.storyboard; sourceTree = "<group>"; };
		125ED8CA1FF32F4F0019043E /* Info.plist */ = {isa = PBXFileReference; lastKnownFileType = text.plist.xml; path = Info.plist; sourceTree = "<group>"; };
		128ADD7E1FF3895C0093F5C9 /* AirLook-Bridging-Header.h */ = {isa = PBXFileReference; lastKnownFileType = sourcecode.c.h; path = "AirLook-Bridging-Header.h"; sourceTree = "<group>"; };
		128ADD831FF38EDE0093F5C9 /* ImageIO.framework */ = {isa = PBXFileReference; lastKnownFileType = wrapper.framework; name = ImageIO.framework; path = System/Library/Frameworks/ImageIO.framework; sourceTree = SDKROOT; };
		128ADD851FF38EEC0093F5C9 /* SystemConfiguration.framework */ = {isa = PBXFileReference; lastKnownFileType = wrapper.framework; name = SystemConfiguration.framework; path = System/Library/Frameworks/SystemConfiguration.framework; sourceTree = SDKROOT; };
		128ADD861FF38EF20093F5C9 /* Security.framework */ = {isa = PBXFileReference; lastKnownFileType = wrapper.framework; name = Security.framework; path = System/Library/Frameworks/Security.framework; sourceTree = SDKROOT; };
		128ADD891FF38F0E0093F5C9 /* CoreTelephony.framework */ = {isa = PBXFileReference; lastKnownFileType = wrapper.framework; name = CoreTelephony.framework; path = System/Library/Frameworks/CoreTelephony.framework; sourceTree = SDKROOT; };
		128ADD8B1FF38F1C0093F5C9 /* CoreText.framework */ = {isa = PBXFileReference; lastKnownFileType = wrapper.framework; name = CoreText.framework; path = System/Library/Frameworks/CoreText.framework; sourceTree = SDKROOT; };
		128ADD8D1FF38F2F0093F5C9 /* UIKit.framework */ = {isa = PBXFileReference; lastKnownFileType = wrapper.framework; name = UIKit.framework; path = System/Library/Frameworks/UIKit.framework; sourceTree = SDKROOT; };
		128ADD8F1FF38F3E0093F5C9 /* AVFoundation.framework */ = {isa = PBXFileReference; lastKnownFileType = wrapper.framework; name = AVFoundation.framework; path = System/Library/Frameworks/AVFoundation.framework; sourceTree = SDKROOT; };
		128ADD901FF38F460093F5C9 /* Foundation.framework */ = {isa = PBXFileReference; lastKnownFileType = wrapper.framework; name = Foundation.framework; path = System/Library/Frameworks/Foundation.framework; sourceTree = SDKROOT; };
		128ADD921FF38F540093F5C9 /* CoreGraphics.framework */ = {isa = PBXFileReference; lastKnownFileType = wrapper.framework; name = CoreGraphics.framework; path = System/Library/Frameworks/CoreGraphics.framework; sourceTree = SDKROOT; };
		128ADD941FF38F680093F5C9 /* libz.tbd */ = {isa = PBXFileReference; lastKnownFileType = "sourcecode.text-based-dylib-definition"; name = libz.tbd; path = usr/lib/libz.tbd; sourceTree = SDKROOT; };
		128ADD961FF38F750093F5C9 /* libsqlite3.tbd */ = {isa = PBXFileReference; lastKnownFileType = "sourcecode.text-based-dylib-definition"; name = libsqlite3.tbd; path = usr/lib/libsqlite3.tbd; sourceTree = SDKROOT; };
		128ADD981FF393B70093F5C9 /* libWAPI.tbd */ = {isa = PBXFileReference; lastKnownFileType = "sourcecode.text-based-dylib-definition"; name = libWAPI.tbd; path = usr/lib/libWAPI.tbd; sourceTree = SDKROOT; };
		128ADDA51FF395E40093F5C9 /* Photos.framework */ = {isa = PBXFileReference; lastKnownFileType = wrapper.framework; name = Photos.framework; path = System/Library/Frameworks/Photos.framework; sourceTree = SDKROOT; };
		128ADDA71FF3962E0093F5C9 /* QuartzCore.framework */ = {isa = PBXFileReference; lastKnownFileType = wrapper.framework; name = QuartzCore.framework; path = System/Library/Frameworks/QuartzCore.framework; sourceTree = SDKROOT; };
		128ADDA91FF397620093F5C9 /* WBHttpRequest.h */ = {isa = PBXFileReference; fileEncoding = 4; lastKnownFileType = sourcecode.c.h; path = WBHttpRequest.h; sourceTree = "<group>"; };
		128ADDAA1FF397630093F5C9 /* libWeiboSDK.a */ = {isa = PBXFileReference; lastKnownFileType = archive.ar; path = libWeiboSDK.a; sourceTree = "<group>"; };
		128ADDAB1FF397630093F5C9 /* WeiboSDK.bundle */ = {isa = PBXFileReference; lastKnownFileType = "wrapper.plug-in"; path = WeiboSDK.bundle; sourceTree = "<group>"; };
		128ADDAC1FF397630093F5C9 /* WeiboSDK.h */ = {isa = PBXFileReference; fileEncoding = 4; lastKnownFileType = sourcecode.c.h; path = WeiboSDK.h; sourceTree = "<group>"; };
		12FEE7AB1FF4DCDD0005D58B /* HKWeiBoModel.swift */ = {isa = PBXFileReference; lastKnownFileType = sourcecode.swift; path = HKWeiBoModel.swift; sourceTree = "<group>"; };
		12FF35D61FFB342000CAB502 /* HKMacro.swift */ = {isa = PBXFileReference; lastKnownFileType = sourcecode.swift; path = HKMacro.swift; sourceTree = "<group>"; };
		12FF35DC1FFB739B00CAB502 /* HKPainter.swift */ = {isa = PBXFileReference; lastKnownFileType = sourcecode.swift; path = HKPainter.swift; sourceTree = "<group>"; };
		3E1D1288C56DB8939C599AAF /* Pods-AirLook.debug.xcconfig */ = {isa = PBXFileReference; includeInIndex = 1; lastKnownFileType = text.xcconfig; name = "Pods-AirLook.debug.xcconfig"; path = "Pods/Target Support Files/Pods-AirLook/Pods-AirLook.debug.xcconfig"; sourceTree = "<group>"; };
		8A184FAC753FA596D7D119B0 /* Pods_AirLook.framework */ = {isa = PBXFileReference; explicitFileType = wrapper.framework; includeInIndex = 0; path = Pods_AirLook.framework; sourceTree = BUILT_PRODUCTS_DIR; };
		EC325AE4D971BA60FCA21C28 /* Pods-AirLook.release.xcconfig */ = {isa = PBXFileReference; includeInIndex = 1; lastKnownFileType = text.xcconfig; name = "Pods-AirLook.release.xcconfig"; path = "Pods/Target Support Files/Pods-AirLook/Pods-AirLook.release.xcconfig"; sourceTree = "<group>"; };
/* End PBXFileReference section */

/* Begin PBXFrameworksBuildPhase section */
		125ED8B61FF32F4F0019043E /* Frameworks */ = {
			isa = PBXFrameworksBuildPhase;
			buildActionMask = 2147483647;
			files = (
				128ADDA81FF396360093F5C9 /* QuartzCore.framework in Frameworks */,
				128ADDA61FF395F60093F5C9 /* Photos.framework in Frameworks */,
				128ADD931FF38F5A0093F5C9 /* CoreGraphics.framework in Frameworks */,
				128ADD911FF38F4C0093F5C9 /* Foundation.framework in Frameworks */,
				128ADD8E1FF38F340093F5C9 /* UIKit.framework in Frameworks */,
				128ADD8C1FF38F260093F5C9 /* CoreText.framework in Frameworks */,
				128ADD8A1FF38F130093F5C9 /* CoreTelephony.framework in Frameworks */,
				128ADD881FF38F060093F5C9 /* Security.framework in Frameworks */,
				128ADDAD1FF397630093F5C9 /* libWeiboSDK.a in Frameworks */,
				128ADD871FF38EFE0093F5C9 /* SystemConfiguration.framework in Frameworks */,
				128ADD841FF38EE50093F5C9 /* ImageIO.framework in Frameworks */,
				128ADD971FF38F750093F5C9 /* libsqlite3.tbd in Frameworks */,
				128ADD951FF38F680093F5C9 /* libz.tbd in Frameworks */,
				B112E040C29506445B461FDB /* Pods_AirLook.framework in Frameworks */,
			);
			runOnlyForDeploymentPostprocessing = 0;
		};
/* End PBXFrameworksBuildPhase section */

/* Begin PBXGroup section */
		099873BE08BD4108A5B2B70A /* Pods */ = {
			isa = PBXGroup;
			children = (
				3E1D1288C56DB8939C599AAF /* Pods-AirLook.debug.xcconfig */,
				EC325AE4D971BA60FCA21C28 /* Pods-AirLook.release.xcconfig */,
			);
			name = Pods;
			sourceTree = "<group>";
		};
		121235B61FF4CC7A00B9C853 /* Resource */ = {
			isa = PBXGroup;
			children = (
				125ED8C21FF32F4F0019043E /* Main.storyboard */,
				125ED8C71FF32F4F0019043E /* LaunchScreen.storyboard */,
				125ED8C51FF32F4F0019043E /* Assets.xcassets */,
				125ED8BE1FF32F4F0019043E /* art.scnassets */,
			);
			path = Resource;
			sourceTree = "<group>";
		};
		125ED8B01FF32F4F0019043E = {
			isa = PBXGroup;
			children = (
				125ED8BB1FF32F4F0019043E /* AirLook */,
				125ED8BA1FF32F4F0019043E /* Products */,
				128ADD821FF38EDE0093F5C9 /* Frameworks */,
				099873BE08BD4108A5B2B70A /* Pods */,
			);
			sourceTree = "<group>";
		};
		125ED8BA1FF32F4F0019043E /* Products */ = {
			isa = PBXGroup;
			children = (
				125ED8B91FF32F4F0019043E /* AirLook.app */,
			);
			name = Products;
			sourceTree = "<group>";
		};
		125ED8BB1FF32F4F0019043E /* AirLook */ = {
			isa = PBXGroup;
			children = (
				125ED8BC1FF32F4F0019043E /* AppDelegate.swift */,
				128ADD7E1FF3895C0093F5C9 /* AirLook-Bridging-Header.h */,
				125ED8C01FF32F4F0019043E /* ViewController.swift */,
				12FF35D61FFB342000CAB502 /* HKMacro.swift */,
				12FF35DC1FFB739B00CAB502 /* HKPainter.swift */,
				12FEE7AA1FF4CD840005D58B /* Models */,
				12FEE7A91FF4CD780005D58B /* Views */,
				121235B61FF4CC7A00B9C853 /* Resource */,
				128ADD771FF389260093F5C9 /* weibo */,
				125ED8CA1FF32F4F0019043E /* Info.plist */,
			);
			path = AirLook;
			sourceTree = "<group>";
		};
		128ADD771FF389260093F5C9 /* weibo */ = {
			isa = PBXGroup;
			children = (
				128ADDAA1FF397630093F5C9 /* libWeiboSDK.a */,
				128ADDA91FF397620093F5C9 /* WBHttpRequest.h */,
				128ADDAB1FF397630093F5C9 /* WeiboSDK.bundle */,
				128ADDAC1FF397630093F5C9 /* WeiboSDK.h */,
			);
			path = weibo;
			sourceTree = "<group>";
		};
		128ADD821FF38EDE0093F5C9 /* Frameworks */ = {
			isa = PBXGroup;
			children = (
				128ADDA71FF3962E0093F5C9 /* QuartzCore.framework */,
				128ADDA51FF395E40093F5C9 /* Photos.framework */,
				128ADD981FF393B70093F5C9 /* libWAPI.tbd */,
				128ADD961FF38F750093F5C9 /* libsqlite3.tbd */,
				128ADD941FF38F680093F5C9 /* libz.tbd */,
				128ADD921FF38F540093F5C9 /* CoreGraphics.framework */,
				128ADD901FF38F460093F5C9 /* Foundation.framework */,
				128ADD8F1FF38F3E0093F5C9 /* AVFoundation.framework */,
				128ADD8D1FF38F2F0093F5C9 /* UIKit.framework */,
				128ADD8B1FF38F1C0093F5C9 /* CoreText.framework */,
				128ADD891FF38F0E0093F5C9 /* CoreTelephony.framework */,
				128ADD861FF38EF20093F5C9 /* Security.framework */,
				128ADD851FF38EEC0093F5C9 /* SystemConfiguration.framework */,
				128ADD831FF38EDE0093F5C9 /* ImageIO.framework */,
				8A184FAC753FA596D7D119B0 /* Pods_AirLook.framework */,
			);
			name = Frameworks;
			sourceTree = "<group>";
		};
		12FEE7A91FF4CD780005D58B /* Views */ = {
			isa = PBXGroup;
			children = (
				1230695B1FF61F2400E83DFA /* HKWeiBoNode.swift */,
			);
			path = Views;
			sourceTree = "<group>";
		};
		12FEE7AA1FF4CD840005D58B /* Models */ = {
			isa = PBXGroup;
			children = (
				121235B41FF4CC3100B9C853 /* HKNetwork.swift */,
				12FEE7AB1FF4DCDD0005D58B /* HKWeiBoModel.swift */,
			);
			path = Models;
			sourceTree = "<group>";
		};
/* End PBXGroup section */

/* Begin PBXNativeTarget section */
		125ED8B81FF32F4F0019043E /* AirLook */ = {
			isa = PBXNativeTarget;
			buildConfigurationList = 125ED8CD1FF32F4F0019043E /* Build configuration list for PBXNativeTarget "AirLook" */;
			buildPhases = (
				642C411B837CAB3C5231A1F8 /* [CP] Check Pods Manifest.lock */,
				125ED8B51FF32F4F0019043E /* Sources */,
				125ED8B61FF32F4F0019043E /* Frameworks */,
				125ED8B71FF32F4F0019043E /* Resources */,
				30D18DAB1FD6958BCD9E7A49 /* [CP] Embed Pods Frameworks */,
				2CB49FAC86F732F67F283F65 /* [CP] Copy Pods Resources */,
			);
			buildRules = (
			);
			dependencies = (
			);
			name = AirLook;
			productName = AirLook;
			productReference = 125ED8B91FF32F4F0019043E /* AirLook.app */;
			productType = "com.apple.product-type.application";
		};
/* End PBXNativeTarget section */

/* Begin PBXProject section */
		125ED8B11FF32F4F0019043E /* Project object */ = {
			isa = PBXProject;
			attributes = {
				CLASSPREFIX = HK;
				LastSwiftUpdateCheck = 0910;
				LastUpgradeCheck = 0910;
				ORGANIZATIONNAME = XiaQi;
				TargetAttributes = {
					125ED8B81FF32F4F0019043E = {
						CreatedOnToolsVersion = 9.1;
						LastSwiftMigration = 0910;
						ProvisioningStyle = Automatic;
					};
				};
			};
			buildConfigurationList = 125ED8B41FF32F4F0019043E /* Build configuration list for PBXProject "AirLook" */;
			compatibilityVersion = "Xcode 8.0";
			developmentRegion = en;
			hasScannedForEncodings = 0;
			knownRegions = (
				en,
				Base,
			);
			mainGroup = 125ED8B01FF32F4F0019043E;
			productRefGroup = 125ED8BA1FF32F4F0019043E /* Products */;
			projectDirPath = "";
			projectRoot = "";
			targets = (
				125ED8B81FF32F4F0019043E /* AirLook */,
			);
		};
/* End PBXProject section */

/* Begin PBXResourcesBuildPhase section */
		125ED8B71FF32F4F0019043E /* Resources */ = {
			isa = PBXResourcesBuildPhase;
			buildActionMask = 2147483647;
			files = (
				125ED8BF1FF32F4F0019043E /* art.scnassets in Resources */,
				125ED8C91FF32F4F0019043E /* LaunchScreen.storyboard in Resources */,
				128ADDAE1FF397630093F5C9 /* WeiboSDK.bundle in Resources */,
				125ED8C61FF32F4F0019043E /* Assets.xcassets in Resources */,
				125ED8C41FF32F4F0019043E /* Main.storyboard in Resources */,
			);
			runOnlyForDeploymentPostprocessing = 0;
		};
/* End PBXResourcesBuildPhase section */

/* Begin PBXShellScriptBuildPhase section */
		2CB49FAC86F732F67F283F65 /* [CP] Copy Pods Resources */ = {
			isa = PBXShellScriptBuildPhase;
			buildActionMask = 2147483647;
			files = (
			);
			inputPaths = (
			);
			name = "[CP] Copy Pods Resources";
			outputPaths = (
			);
			runOnlyForDeploymentPostprocessing = 0;
			shellPath = /bin/sh;
			shellScript = "\"${SRCROOT}/Pods/Target Support Files/Pods-AirLook/Pods-AirLook-resources.sh\"\n";
			showEnvVarsInLog = 0;
		};
		30D18DAB1FD6958BCD9E7A49 /* [CP] Embed Pods Frameworks */ = {
			isa = PBXShellScriptBuildPhase;
			buildActionMask = 2147483647;
			files = (
			);
			inputPaths = (
			);
			name = "[CP] Embed Pods Frameworks";
			outputPaths = (
			);
			runOnlyForDeploymentPostprocessing = 0;
			shellPath = /bin/sh;
			shellScript = "\"${SRCROOT}/Pods/Target Support Files/Pods-AirLook/Pods-AirLook-frameworks.sh\"\n";
			showEnvVarsInLog = 0;
		};
		642C411B837CAB3C5231A1F8 /* [CP] Check Pods Manifest.lock */ = {
			isa = PBXShellScriptBuildPhase;
			buildActionMask = 2147483647;
			files = (
			);
			inputPaths = (
			);
			name = "[CP] Check Pods Manifest.lock";
			outputPaths = (
			);
			runOnlyForDeploymentPostprocessing = 0;
			shellPath = /bin/sh;
			shellScript = "diff \"${PODS_ROOT}/../Podfile.lock\" \"${PODS_ROOT}/Manifest.lock\" > /dev/null\nif [ $? != 0 ] ; then\n    # print error to STDERR\n    echo \"error: The sandbox is not in sync with the Podfile.lock. Run 'pod install' or update your CocoaPods installation.\" >&2\n    exit 1\nfi\n";
			showEnvVarsInLog = 0;
		};
/* End PBXShellScriptBuildPhase section */

/* Begin PBXSourcesBuildPhase section */
		125ED8B51FF32F4F0019043E /* Sources */ = {
			isa = PBXSourcesBuildPhase;
			buildActionMask = 2147483647;
			files = (
				12FF35DD1FFB739B00CAB502 /* HKPainter.swift in Sources */,
				12FEE7AC1FF4DCDD0005D58B /* HKWeiBoModel.swift in Sources */,
				125ED8C11FF32F4F0019043E /* ViewController.swift in Sources */,
				1230695C1FF61F2400E83DFA /* HKWeiBoNode.swift in Sources */,
				125ED8BD1FF32F4F0019043E /* AppDelegate.swift in Sources */,
				121235B51FF4CC3100B9C853 /* HKNetwork.swift in Sources */,
				12FF35D71FFB342000CAB502 /* HKMacro.swift in Sources */,
			);
			runOnlyForDeploymentPostprocessing = 0;
		};
/* End PBXSourcesBuildPhase section */

/* Begin PBXVariantGroup section */
		125ED8C21FF32F4F0019043E /* Main.storyboard */ = {
			isa = PBXVariantGroup;
			children = (
				125ED8C31FF32F4F0019043E /* Base */,
			);
			name = Main.storyboard;
			sourceTree = "<group>";
		};
		125ED8C71FF32F4F0019043E /* LaunchScreen.storyboard */ = {
			isa = PBXVariantGroup;
			children = (
				125ED8C81FF32F4F0019043E /* Base */,
			);
			name = LaunchScreen.storyboard;
			sourceTree = "<group>";
		};
/* End PBXVariantGroup section */

/* Begin XCBuildConfiguration section */
		125ED8CB1FF32F4F0019043E /* Debug */ = {
			isa = XCBuildConfiguration;
			buildSettings = {
				ALWAYS_SEARCH_USER_PATHS = NO;
				CLANG_ANALYZER_NONNULL = YES;
				CLANG_ANALYZER_NUMBER_OBJECT_CONVERSION = YES_AGGRESSIVE;
				CLANG_CXX_LANGUAGE_STANDARD = "gnu++14";
				CLANG_CXX_LIBRARY = "libc++";
				CLANG_ENABLE_MODULES = YES;
				CLANG_ENABLE_OBJC_ARC = YES;
				CLANG_WARN_BLOCK_CAPTURE_AUTORELEASING = YES;
				CLANG_WARN_BOOL_CONVERSION = YES;
				CLANG_WARN_COMMA = YES;
				CLANG_WARN_CONSTANT_CONVERSION = YES;
				CLANG_WARN_DIRECT_OBJC_ISA_USAGE = YES_ERROR;
				CLANG_WARN_DOCUMENTATION_COMMENTS = YES;
				CLANG_WARN_EMPTY_BODY = YES;
				CLANG_WARN_ENUM_CONVERSION = YES;
				CLANG_WARN_INFINITE_RECURSION = YES;
				CLANG_WARN_INT_CONVERSION = YES;
				CLANG_WARN_NON_LITERAL_NULL_CONVERSION = YES;
				CLANG_WARN_OBJC_LITERAL_CONVERSION = YES;
				CLANG_WARN_OBJC_ROOT_CLASS = YES_ERROR;
				CLANG_WARN_RANGE_LOOP_ANALYSIS = YES;
				CLANG_WARN_STRICT_PROTOTYPES = YES;
				CLANG_WARN_SUSPICIOUS_MOVE = YES;
				CLANG_WARN_UNGUARDED_AVAILABILITY = YES_AGGRESSIVE;
				CLANG_WARN_UNREACHABLE_CODE = YES;
				CLANG_WARN__DUPLICATE_METHOD_MATCH = YES;
				CODE_SIGN_IDENTITY = "iPhone Developer";
				COPY_PHASE_STRIP = NO;
				DEBUG_INFORMATION_FORMAT = dwarf;
				ENABLE_STRICT_OBJC_MSGSEND = YES;
				ENABLE_TESTABILITY = YES;
				GCC_C_LANGUAGE_STANDARD = gnu11;
				GCC_DYNAMIC_NO_PIC = NO;
				GCC_NO_COMMON_BLOCKS = YES;
				GCC_OPTIMIZATION_LEVEL = 0;
				GCC_PREPROCESSOR_DEFINITIONS = (
					"DEBUG=1",
					"$(inherited)",
				);
				GCC_WARN_64_TO_32_BIT_CONVERSION = YES;
				GCC_WARN_ABOUT_RETURN_TYPE = YES_ERROR;
				GCC_WARN_UNDECLARED_SELECTOR = YES;
				GCC_WARN_UNINITIALIZED_AUTOS = YES_AGGRESSIVE;
				GCC_WARN_UNUSED_FUNCTION = YES;
				GCC_WARN_UNUSED_VARIABLE = YES;
				IPHONEOS_DEPLOYMENT_TARGET = 11.1;
				MTL_ENABLE_DEBUG_INFO = YES;
				ONLY_ACTIVE_ARCH = YES;
				SDKROOT = iphoneos;
				SWIFT_ACTIVE_COMPILATION_CONDITIONS = DEBUG;
				SWIFT_OPTIMIZATION_LEVEL = "-Onone";
			};
			name = Debug;
		};
		125ED8CC1FF32F4F0019043E /* Release */ = {
			isa = XCBuildConfiguration;
			buildSettings = {
				ALWAYS_SEARCH_USER_PATHS = NO;
				CLANG_ANALYZER_NONNULL = YES;
				CLANG_ANALYZER_NUMBER_OBJECT_CONVERSION = YES_AGGRESSIVE;
				CLANG_CXX_LANGUAGE_STANDARD = "gnu++14";
				CLANG_CXX_LIBRARY = "libc++";
				CLANG_ENABLE_MODULES = YES;
				CLANG_ENABLE_OBJC_ARC = YES;
				CLANG_WARN_BLOCK_CAPTURE_AUTORELEASING = YES;
				CLANG_WARN_BOOL_CONVERSION = YES;
				CLANG_WARN_COMMA = YES;
				CLANG_WARN_CONSTANT_CONVERSION = YES;
				CLANG_WARN_DIRECT_OBJC_ISA_USAGE = YES_ERROR;
				CLANG_WARN_DOCUMENTATION_COMMENTS = YES;
				CLANG_WARN_EMPTY_BODY = YES;
				CLANG_WARN_ENUM_CONVERSION = YES;
				CLANG_WARN_INFINITE_RECURSION = YES;
				CLANG_WARN_INT_CONVERSION = YES;
				CLANG_WARN_NON_LITERAL_NULL_CONVERSION = YES;
				CLANG_WARN_OBJC_LITERAL_CONVERSION = YES;
				CLANG_WARN_OBJC_ROOT_CLASS = YES_ERROR;
				CLANG_WARN_RANGE_LOOP_ANALYSIS = YES;
				CLANG_WARN_STRICT_PROTOTYPES = YES;
				CLANG_WARN_SUSPICIOUS_MOVE = YES;
				CLANG_WARN_UNGUARDED_AVAILABILITY = YES_AGGRESSIVE;
				CLANG_WARN_UNREACHABLE_CODE = YES;
				CLANG_WARN__DUPLICATE_METHOD_MATCH = YES;
				CODE_SIGN_IDENTITY = "iPhone Developer";
				COPY_PHASE_STRIP = NO;
				DEBUG_INFORMATION_FORMAT = "dwarf-with-dsym";
				ENABLE_NS_ASSERTIONS = NO;
				ENABLE_STRICT_OBJC_MSGSEND = YES;
				GCC_C_LANGUAGE_STANDARD = gnu11;
				GCC_NO_COMMON_BLOCKS = YES;
				GCC_WARN_64_TO_32_BIT_CONVERSION = YES;
				GCC_WARN_ABOUT_RETURN_TYPE = YES_ERROR;
				GCC_WARN_UNDECLARED_SELECTOR = YES;
				GCC_WARN_UNINITIALIZED_AUTOS = YES_AGGRESSIVE;
				GCC_WARN_UNUSED_FUNCTION = YES;
				GCC_WARN_UNUSED_VARIABLE = YES;
				IPHONEOS_DEPLOYMENT_TARGET = 11.1;
				MTL_ENABLE_DEBUG_INFO = NO;
				SDKROOT = iphoneos;
				SWIFT_OPTIMIZATION_LEVEL = "-Owholemodule";
				VALIDATE_PRODUCT = YES;
			};
			name = Release;
		};
		125ED8CE1FF32F4F0019043E /* Debug */ = {
			isa = XCBuildConfiguration;
			baseConfigurationReference = 3E1D1288C56DB8939C599AAF /* Pods-AirLook.debug.xcconfig */;
			buildSettings = {
				ASSETCATALOG_COMPILER_APPICON_NAME = AppIcon;
				CLANG_ENABLE_MODULES = YES;
				CODE_SIGN_STYLE = Automatic;
				DEVELOPMENT_TEAM = 8TJ9GDFV36;
				INFOPLIST_FILE = AirLook/Info.plist;
				LD_RUNPATH_SEARCH_PATHS = "$(inherited) @executable_path/Frameworks";
				LIBRARY_SEARCH_PATHS = (
					"$(inherited)",
					"$(PROJECT_DIR)/AirLook/weibo",
				);
				OTHER_LDFLAGS = "-ObjC";
				PRODUCT_BUNDLE_IDENTIFIER = com.XiaQi.AirLook;
				PRODUCT_NAME = "$(TARGET_NAME)";
				SWIFT_OBJC_BRIDGING_HEADER = "AirLook/AirLook-Bridging-Header.h";
				SWIFT_OPTIMIZATION_LEVEL = "-Onone";
				SWIFT_VERSION = 4.0;
				TARGETED_DEVICE_FAMILY = "1,2";
			};
			name = Debug;
		};
		125ED8CF1FF32F4F0019043E /* Release */ = {
			isa = XCBuildConfiguration;
			baseConfigurationReference = EC325AE4D971BA60FCA21C28 /* Pods-AirLook.release.xcconfig */;
			buildSettings = {
				ASSETCATALOG_COMPILER_APPICON_NAME = AppIcon;
				CLANG_ENABLE_MODULES = YES;
				CODE_SIGN_STYLE = Automatic;
				DEVELOPMENT_TEAM = 8TJ9GDFV36;
				INFOPLIST_FILE = AirLook/Info.plist;
				LD_RUNPATH_SEARCH_PATHS = "$(inherited) @executable_path/Frameworks";
				LIBRARY_SEARCH_PATHS = (
					"$(inherited)",
					"$(PROJECT_DIR)/AirLook/weibo",
				);
				OTHER_LDFLAGS = "-ObjC";
				PRODUCT_BUNDLE_IDENTIFIER = com.XiaQi.AirLook;
				PRODUCT_NAME = "$(TARGET_NAME)";
				SWIFT_OBJC_BRIDGING_HEADER = "AirLook/AirLook-Bridging-Header.h";
				SWIFT_VERSION = 4.0;
				TARGETED_DEVICE_FAMILY = "1,2";
			};
			name = Release;
		};
/* End XCBuildConfiguration section */

/* Begin XCConfigurationList section */
		125ED8B41FF32F4F0019043E /* Build configuration list for PBXProject "AirLook" */ = {
			isa = XCConfigurationList;
			buildConfigurations = (
				125ED8CB1FF32F4F0019043E /* Debug */,
				125ED8CC1FF32F4F0019043E /* Release */,
			);
			defaultConfigurationIsVisible = 0;
			defaultConfigurationName = Release;
		};
		125ED8CD1FF32F4F0019043E /* Build configuration list for PBXNativeTarget "AirLook" */ = {
			isa = XCConfigurationList;
			buildConfigurations = (
				125ED8CE1FF32F4F0019043E /* Debug */,
				125ED8CF1FF32F4F0019043E /* Release */,
			);
			defaultConfigurationIsVisible = 0;
			defaultConfigurationName = Release;
		};
/* End XCConfigurationList section */
	};
	rootObject = 125ED8B11FF32F4F0019043E /* Project object */;
}
